
Microsoft Visual Studio Solution File, Format Version 12.00
# Visual Studio Version 16
VisualStudioVersion = 16.0.30804.86
MinimumVisualStudioVersion = 10.0.40219.1
Project("{FAE04EC0-301F-11D3-BF4B-00C04F79EFBC}") = "Log File Reader and Plotter", "Log File Reader and Plotter.csproj", "{AB055305-9AFE-42B6-902C-8BE1B5800494}"
EndProject
Global
	GlobalSection(SolutionConfigurationPlatforms) = preSolution
		Debug|Any CPU = Debug|Any CPU
		Release|Any CPU = Release|Any CPU
	EndGlobalSection
	GlobalSection(ProjectConfigurationPlatforms) = postSolution
		{AB055305-9AFE-42B6-902C-8BE1B5800494}.Debug|Any CPU.ActiveCfg = Debug|Any CPU
		{AB055305-9AFE-42B6-902C-8BE1B5800494}.Debug|Any CPU.Build.0 = Debug|Any CPU
		{AB055305-9AFE-42B6-902C-8BE1B5800494}.Release|Any CPU.ActiveCfg = Release|Any CPU
		{AB055305-9AFE-42B6-902C-8BE1B5800494}.Release|Any CPU.Build.0 = Release|Any CPU
	EndGlobalSection
	GlobalSection(SolutionProperties) = preSolution
		HideSolutionNode = FALSE
	EndGlobalSection
	GlobalSection(ExtensibilityGlobals) = postSolution
		SolutionGuid = {4E14D2D9-1FA4-49E1-83D4-AFEBA48BFDC3}
	EndGlobalSection
EndGlobal
